
Microsoft Visual Studio Solution File, Format Version 12.00
# Visual Studio 14
VisualStudioVersion = 14.0.23107.0
MinimumVisualStudioVersion = 10.0.40219.1
Project("{FAE04EC0-301F-11D3-BF4B-00C04F79EFBC}") = "FormBuddyWeb", "FormBuddyWeb\FormBuddyWeb.csproj", "{4A17B267-F09E-4DEB-946B-9FE391B422A2}"
EndProject
Project("{FAE04EC0-301F-11D3-BF4B-00C04F79EFBC}") = "FormBuddyWeb.Tests", "FormBuddyWeb.Tests\FormBuddyWeb.Tests.csproj", "{F1806405-3A7B-4134-ACF2-5A6E6C336A99}"
EndProject
Global
	GlobalSection(SolutionConfigurationPlatforms) = preSolution
		Debug|Any CPU = Debug|Any CPU
		Release|Any CPU = Release|Any CPU
	EndGlobalSection
	GlobalSection(ProjectConfigurationPlatforms) = postSolution
		{4A17B267-F09E-4DEB-946B-9FE391B422A2}.Debug|Any CPU.ActiveCfg = Debug|Any CPU
		{4A17B267-F09E-4DEB-946B-9FE391B422A2}.Debug|Any CPU.Build.0 = Debug|Any CPU
		{4A17B267-F09E-4DEB-946B-9FE391B422A2}.Release|Any CPU.ActiveCfg = Release|Any CPU
		{4A17B267-F09E-4DEB-946B-9FE391B422A2}.Release|Any CPU.Build.0 = Release|Any CPU
		{F1806405-3A7B-4134-ACF2-5A6E6C336A99}.Debug|Any CPU.ActiveCfg = Debug|Any CPU
		{F1806405-3A7B-4134-ACF2-5A6E6C336A99}.Debug|Any CPU.Build.0 = Debug|Any CPU
		{F1806405-3A7B-4134-ACF2-5A6E6C336A99}.Release|Any CPU.ActiveCfg = Release|Any CPU
		{F1806405-3A7B-4134-ACF2-5A6E6C336A99}.Release|Any CPU.Build.0 = Release|Any CPU
	EndGlobalSection
	GlobalSection(SolutionProperties) = preSolution
		HideSolutionNode = FALSE
	EndGlobalSection
EndGlobal
